
Microsoft Visual Studio Solution File, Format Version 12.00
# Visual Studio Version 17
VisualStudioVersion = 17.7.34031.279
MinimumVisualStudioVersion = 10.0.40219.1
Project("{888888A0-9F3D-457C-B088-3A5042F75D52}") = "3OLIDTS_GuntherNettel_04_Py", "3OLIDTS_GuntherNettel_04_Py.pyproj", "{9E1DE467-93B0-4DB4-924F-DE0B7CB0DA4F}"
EndProject
Global
	GlobalSection(SolutionConfigurationPlatforms) = preSolution
		Debug|Any CPU = Debug|Any CPU
		Release|Any CPU = Release|Any CPU
	EndGlobalSection
	GlobalSection(ProjectConfigurationPlatforms) = postSolution
		{9E1DE467-93B0-4DB4-924F-DE0B7CB0DA4F}.Debug|Any CPU.ActiveCfg = Debug|Any CPU
		{9E1DE467-93B0-4DB4-924F-DE0B7CB0DA4F}.Release|Any CPU.ActiveCfg = Release|Any CPU
	EndGlobalSection
	GlobalSection(SolutionProperties) = preSolution
		HideSolutionNode = FALSE
	EndGlobalSection
	GlobalSection(ExtensibilityGlobals) = postSolution
		SolutionGuid = {49C053B7-BB19-4111-8277-F4AA45E86301}
	EndGlobalSection
EndGlobal
